
Microsoft Visual Studio Solution File, Format Version 12.00
# Visual Studio Version 16
VisualStudioVersion = 16.0.28714.193
MinimumVisualStudioVersion = 15.0.26124.0
Project("{9A19103F-16F7-4668-BE54-9A1E7A4F7556}") = "Blazored.Toast", "src\Blazored.Toast\Blazored.Toast.csproj", "{41CF3689-AEF1-4AAC-B7CF-F60E75023355}"
EndProject
Project("{2150E333-8FDC-42A3-9474-1A3956D46DE8}") = "samples", "samples", "{DAD8AEBC-BDBA-4EFB-A8EA-971624D2E333}"
EndProject
Project("{9A19103F-16F7-4668-BE54-9A1E7A4F7556}") = "BlazorWebAssembly", "samples\BlazorWebAssembly\BlazorWebAssembly.csproj", "{6622CD34-5B0D-43EC-B86E-3A671BE72104}"
EndProject
Project("{9A19103F-16F7-4668-BE54-9A1E7A4F7556}") = "BlazorServer", "samples\BlazorServer\BlazorServer.csproj", "{011F9D7D-38DC-436C-9597-CDF701683608}"
EndProject
Project("{2150E333-8FDC-42A3-9474-1A3956D46DE8}") = "Solution Items", "Solution Items", "{44082A48-88B8-4BB0-BF2D-B243A0C46F06}"
	ProjectSection(SolutionItems) = preProject
		.gitignore = .gitignore
		azure-pipelines.yml = azure-pipelines.yml
		LICENSE = LICENSE
		README.md = README.md
	EndProjectSection
EndProject
Project("{9A19103F-16F7-4668-BE54-9A1E7A4F7556}") = "Blazored.Toast.Tests", "tests\Blazored.Toast.Tests\Blazored.Toast.Tests.csproj", "{5E396684-2ED7-4D93-8AAA-B57291C6ABED}"
EndProject
Project("{2150E333-8FDC-42A3-9474-1A3956D46DE8}") = "Tests", "Tests", "{AAC2415B-57A1-4091-89E9-842C0483CC34}"
EndProject
Project("{FAE04EC0-301F-11D3-BF4B-00C04F79EFBC}") = "bUnitExample", "samples\bUnitExample\bUnitExample.csproj", "{FA280CA2-87E1-4EC3-BF6D-9E134B62F0CC}"
EndProject
Global
	GlobalSection(SolutionConfigurationPlatforms) = preSolution
		Debug|Any CPU = Debug|Any CPU
		Debug|x64 = Debug|x64
		Debug|x86 = Debug|x86
		Release|Any CPU = Release|Any CPU
		Release|x64 = Release|x64
		Release|x86 = Release|x86
	EndGlobalSection
	GlobalSection(ProjectConfigurationPlatforms) = postSolution
		{41CF3689-AEF1-4AAC-B7CF-F60E75023355}.Debug|Any CPU.ActiveCfg = Debug|Any CPU
		{41CF3689-AEF1-4AAC-B7CF-F60E75023355}.Debug|Any CPU.Build.0 = Debug|Any CPU
		{41CF3689-AEF1-4AAC-B7CF-F60E75023355}.Debug|x64.ActiveCfg = Debug|Any CPU
		{41CF3689-AEF1-4AAC-B7CF-F60E75023355}.Debug|x64.Build.0 = Debug|Any CPU
		{41CF3689-AEF1-4AAC-B7CF-F60E75023355}.Debug|x86.ActiveCfg = Debug|Any CPU
		{41CF3689-AEF1-4AAC-B7CF-F60E75023355}.Debug|x86.Build.0 = Debug|Any CPU
		{41CF3689-AEF1-4AAC-B7CF-F60E75023355}.Release|Any CPU.ActiveCfg = Release|Any CPU
		{41CF3689-AEF1-4AAC-B7CF-F60E75023355}.Release|Any CPU.Build.0 = Release|Any CPU
		{41CF3689-AEF1-4AAC-B7CF-F60E75023355}.Release|x64.ActiveCfg = Release|Any CPU
		{41CF3689-AEF1-4AAC-B7CF-F60E75023355}.Release|x64.Build.0 = Release|Any CPU
		{41CF3689-AEF1-4AAC-B7CF-F60E75023355}.Release|x86.ActiveCfg = Release|Any CPU
		{41CF3689-AEF1-4AAC-B7CF-F60E75023355}.Release|x86.Build.0 = Release|Any CPU
		{6622CD34-5B0D-43EC-B86E-3A671BE72104}.Debug|Any CPU.ActiveCfg = Debug|Any CPU
		{6622CD34-5B0D-43EC-B86E-3A671BE72104}.Debug|Any CPU.Build.0 = Debug|Any CPU
		{6622CD34-5B0D-43EC-B86E-3A671BE72104}.Debug|x64.ActiveCfg = Debug|Any CPU
		{6622CD34-5B0D-43EC-B86E-3A671BE72104}.Debug|x64.Build.0 = Debug|Any CPU
		{6622CD34-5B0D-43EC-B86E-3A671BE72104}.Debug|x86.ActiveCfg = Debug|Any CPU
		{6622CD34-5B0D-43EC-B86E-3A671BE72104}.Debug|x86.Build.0 = Debug|Any CPU
		{6622CD34-5B0D-43EC-B86E-3A671BE72104}.Release|Any CPU.ActiveCfg = Release|Any CPU
		{6622CD34-5B0D-43EC-B86E-3A671BE72104}.Release|Any CPU.Build.0 = Release|Any CPU
		{6622CD34-5B0D-43EC-B86E-3A671BE72104}.Release|x64.ActiveCfg = Release|Any CPU
		{6622CD34-5B0D-43EC-B86E-3A671BE72104}.Release|x64.Build.0 = Release|Any CPU
		{6622CD34-5B0D-43EC-B86E-3A671BE72104}.Release|x86.ActiveCfg = Release|Any CPU
		{6622CD34-5B0D-43EC-B86E-3A671BE72104}.Release|x86.Build.0 = Release|Any CPU
		{011F9D7D-38DC-436C-9597-CDF701683608}.Debug|Any CPU.ActiveCfg = Debug|Any CPU
		{011F9D7D-38DC-436C-9597-CDF701683608}.Debug|Any CPU.Build.0 = Debug|Any CPU
		{011F9D7D-38DC-436C-9597-CDF701683608}.Debug|x64.ActiveCfg = Debug|Any CPU
		{011F9D7D-38DC-436C-9597-CDF701683608}.Debug|x64.Build.0 = Debug|Any CPU
		{011F9D7D-38DC-436C-9597-CDF701683608}.Debug|x86.ActiveCfg = Debug|Any CPU
		{011F9D7D-38DC-436C-9597-CDF701683608}.Debug|x86.Build.0 = Debug|Any CPU
		{011F9D7D-38DC-436C-9597-CDF701683608}.Release|Any CPU.ActiveCfg = Release|Any CPU
		{011F9D7D-38DC-436C-9597-CDF701683608}.Release|Any CPU.Build.0 = Release|Any CPU
		{011F9D7D-38DC-436C-9597-CDF701683608}.Release|x64.ActiveCfg = Release|Any CPU
		{011F9D7D-38DC-436C-9597-CDF701683608}.Release|x64.Build.0 = Release|Any CPU
		{011F9D7D-38DC-436C-9597-CDF701683608}.Release|x86.ActiveCfg = Release|Any CPU
		{011F9D7D-38DC-436C-9597-CDF701683608}.Release|x86.Build.0 = Release|Any CPU
		{5E396684-2ED7-4D93-8AAA-B57291C6ABED}.Debug|Any CPU.ActiveCfg = Debug|Any CPU
		{5E396684-2ED7-4D93-8AAA-B57291C6ABED}.Debug|Any CPU.Build.0 = Debug|Any CPU
		{5E396684-2ED7-4D93-8AAA-B57291C6ABED}.Debug|x64.ActiveCfg = Debug|Any CPU
		{5E396684-2ED7-4D93-8AAA-B57291C6ABED}.Debug|x64.Build.0 = Debug|Any CPU
		{5E396684-2ED7-4D93-8AAA-B57291C6ABED}.Debug|x86.ActiveCfg = Debug|Any CPU
		{5E396684-2ED7-4D93-8AAA-B57291C6ABED}.Debug|x86.Build.0 = Debug|Any CPU
		{5E396684-2ED7-4D93-8AAA-B57291C6ABED}.Release|Any CPU.ActiveCfg = Release|Any CPU
		{5E396684-2ED7-4D93-8AAA-B57291C6ABED}.Release|Any CPU.Build.0 = Release|Any CPU
		{5E396684-2ED7-4D93-8AAA-B57291C6ABED}.Release|x64.ActiveCfg = Release|Any CPU
		{5E396684-2ED7-4D93-8AAA-B57291C6ABED}.Release|x64.Build.0 = Release|Any CPU
		{5E396684-2ED7-4D93-8AAA-B57291C6ABED}.Release|x86.ActiveCfg = Release|Any CPU
		{5E396684-2ED7-4D93-8AAA-B57291C6ABED}.Release|x86.Build.0 = Release|Any CPU
		{FA280CA2-87E1-4EC3-BF6D-9E134B62F0CC}.Debug|Any CPU.ActiveCfg = Debug|Any CPU
		{FA280CA2-87E1-4EC3-BF6D-9E134B62F0CC}.Debug|Any CPU.Build.0 = Debug|Any CPU
		{FA280CA2-87E1-4EC3-BF6D-9E134B62F0CC}.Debug|x64.ActiveCfg = Debug|Any CPU
		{FA280CA2-87E1-4EC3-BF6D-9E134B62F0CC}.Debug|x64.Build.0 = Debug|Any CPU
		{FA280CA2-87E1-4EC3-BF6D-9E134B62F0CC}.Debug|x86.ActiveCfg = Debug|Any CPU
		{FA280CA2-87E1-4EC3-BF6D-9E134B62F0CC}.Debug|x86.Build.0 = Debug|Any CPU
		{FA280CA2-87E1-4EC3-BF6D-9E134B62F0CC}.Release|Any CPU.ActiveCfg = Release|Any CPU
		{FA280CA2-87E1-4EC3-BF6D-9E134B62F0CC}.Release|Any CPU.Build.0 = Release|Any CPU
		{FA280CA2-87E1-4EC3-BF6D-9E134B62F0CC}.Release|x64.ActiveCfg = Release|Any CPU
		{FA280CA2-87E1-4EC3-BF6D-9E134B62F0CC}.Release|x64.Build.0 = Release|Any CPU
		{FA280CA2-87E1-4EC3-BF6D-9E134B62F0CC}.Release|x86.ActiveCfg = Release|Any CPU
		{FA280CA2-87E1-4EC3-BF6D-9E134B62F0CC}.Release|x86.Build.0 = Release|Any CPU
	EndGlobalSection
	GlobalSection(SolutionProperties) = preSolution
		HideSolutionNode = FALSE
	EndGlobalSection
	GlobalSection(NestedProjects) = preSolution
		{6622CD34-5B0D-43EC-B86E-3A671BE72104} = {DAD8AEBC-BDBA-4EFB-A8EA-971624D2E333}
		{011F9D7D-38DC-436C-9597-CDF701683608} = {DAD8AEBC-BDBA-4EFB-A8EA-971624D2E333}
		{5E396684-2ED7-4D93-8AAA-B57291C6ABED} = {AAC2415B-57A1-4091-89E9-842C0483CC34}
		{FA280CA2-87E1-4EC3-BF6D-9E134B62F0CC} = {DAD8AEBC-BDBA-4EFB-A8EA-971624D2E333}
	EndGlobalSection
	GlobalSection(ExtensibilityGlobals) = postSolution
		SolutionGuid = {A209D472-2B33-4B1C-8FE6-8F53A0DC6901}
	EndGlobalSection
EndGlobal
